
Microsoft Visual Studio Solution File, Format Version 12.00
# Visual Studio Version 17
VisualStudioVersion = 17.11.35303.130
MinimumVisualStudioVersion = 10.0.40219.1
Project("{FAE04EC0-301F-11D3-BF4B-00C04F79EFBC}") = "Task manager OOP", "Task manager OOP\Task manager OOP.csproj", "{37D89C16-1251-4C6D-A446-A42B7307D77C}"
EndProject
Global
	GlobalSection(SolutionConfigurationPlatforms) = preSolution
		Debug|Any CPU = Debug|Any CPU
		Release|Any CPU = Release|Any CPU
	EndGlobalSection
	GlobalSection(ProjectConfigurationPlatforms) = postSolution
		{37D89C16-1251-4C6D-A446-A42B7307D77C}.Debug|Any CPU.ActiveCfg = Debug|Any CPU
		{37D89C16-1251-4C6D-A446-A42B7307D77C}.Debug|Any CPU.Build.0 = Debug|Any CPU
		{37D89C16-1251-4C6D-A446-A42B7307D77C}.Release|Any CPU.ActiveCfg = Release|Any CPU
		{37D89C16-1251-4C6D-A446-A42B7307D77C}.Release|Any CPU.Build.0 = Release|Any CPU
	EndGlobalSection
	GlobalSection(SolutionProperties) = preSolution
		HideSolutionNode = FALSE
	EndGlobalSection
	GlobalSection(ExtensibilityGlobals) = postSolution
		SolutionGuid = {D47ED343-A037-4F84-88CB-F1F23E1EB132}
	EndGlobalSection
EndGlobal
